
Microsoft Visual Studio Solution File, Format Version 12.00
# Visual Studio Version 17
VisualStudioVersion = 17.0.31903.59
MinimumVisualStudioVersion = 10.0.40219.1
Project("{2150E333-8FDC-42A3-9474-1A3956D46DE8}") = "src", "src", "{58EE9CE6-F49C-4663-B02E-EBD7980E13E9}"
EndProject
Project("{FAE04EC0-301F-11D3-BF4B-00C04F79EFBC}") = "Hybrid.Graphics", "src\Hybrid.Graphics\Hybrid.Graphics.csproj", "{9FA6E5DA-8D96-4E16-831D-3461848A58DD}"
EndProject
Project("{FAE04EC0-301F-11D3-BF4B-00C04F79EFBC}") = "Hybrid.Graphics.Native", "src\Hybrid.Graphics.Native\Hybrid.Graphics.Native.csproj", "{88F95995-B5B2-4B19-92CA-DB7982358B33}"
EndProject
Project("{FAE04EC0-301F-11D3-BF4B-00C04F79EFBC}") = "Hybrid.Graphics.DirectX", "src\Hybrid.Graphics.DirectX\Hybrid.Graphics.DirectX.csproj", "{EA48C54A-6F4C-4BB1-A4C9-654D54D6FD81}"
EndProject
Project("{FAE04EC0-301F-11D3-BF4B-00C04F79EFBC}") = "Hybrid.Graphics.DirectX11", "src\Hybrid.Graphics.DirectX11\Hybrid.Graphics.DirectX11.csproj", "{9AAE147C-D10C-48D7-81D1-F6E3F27EE7E7}"
EndProject
Project("{2150E333-8FDC-42A3-9474-1A3956D46DE8}") = "samples", "samples", "{4051284E-4A17-4902-9B1B-214B393F778D}"
EndProject
Project("{FAE04EC0-301F-11D3-BF4B-00C04F79EFBC}") = "Hybrid.Numerics", "src\Hybrid.Numerics\Hybrid.Numerics.csproj", "{F8172359-11E2-4C2A-8B5A-AD10CE826DD8}"
EndProject
Project("{FAE04EC0-301F-11D3-BF4B-00C04F79EFBC}") = "ImGuiSample", "samples\ImGuiSample\ImGuiSample.csproj", "{3299F558-737F-4B09-AA56-F9E99C17CAE1}"
EndProject
Project("{FAE04EC0-301F-11D3-BF4B-00C04F79EFBC}") = "SampleFramework", "samples\SampleFramework\SampleFramework.csproj", "{09DFF5F4-4D3E-4BE1-8AB1-2353D7D835DB}"
EndProject
Project("{2150E333-8FDC-42A3-9474-1A3956D46DE8}") = "tests", "tests", "{F4E057DF-F882-4622-A030-1EAF0EAFE4CF}"
EndProject
Project("{FAE04EC0-301F-11D3-BF4B-00C04F79EFBC}") = "Hybrid.Numerics.Tests", "tests\Hybrid.Numerics.Tests\Hybrid.Numerics.Tests.csproj", "{2AE3D3C8-ADE9-47D9-94BB-DAA8790943A6}"
EndProject
Project("{FAE04EC0-301F-11D3-BF4B-00C04F79EFBC}") = "TriangleSample", "samples\TriangleSample\TriangleSample.csproj", "{BA05B115-962F-4838-BD75-D4A8849042EB}"
EndProject
Project("{FAE04EC0-301F-11D3-BF4B-00C04F79EFBC}") = "Hybrid.ImGui", "src\Hybrid.ImGui\Hybrid.ImGui.csproj", "{6FCB4CD9-1341-4804-8A42-058F8965E99B}"
EndProject
Project("{FAE04EC0-301F-11D3-BF4B-00C04F79EFBC}") = "TextureSample", "samples\TextureSample\TextureSample.csproj", "{B9DF2B24-8AFA-46AA-84D0-FD412C725475}"
EndProject
Project("{FAE04EC0-301F-11D3-BF4B-00C04F79EFBC}") = "RippleSample", "samples\RippleSample\RippleSample.csproj", "{97432FCA-561C-4877-91F3-98EEE4408A06}"
EndProject
Project("{FAE04EC0-301F-11D3-BF4B-00C04F79EFBC}") = "NoiseSample", "samples\NoiseSample\NoiseSample.csproj", "{91321D68-8C76-4B50-9E10-C577AA2A07A5}"
EndProject
Project("{FAE04EC0-301F-11D3-BF4B-00C04F79EFBC}") = "SkiaSample", "samples\SkiaSample\SkiaSample.csproj", "{D5A4E209-76BA-4555-ADF3-DF4CAEB007E9}"
EndProject
Project("{FAE04EC0-301F-11D3-BF4B-00C04F79EFBC}") = "Hybrid", "src\Hybrid\Hybrid.csproj", "{66A94D9A-42F6-B80E-F640-9759BAC4CCDE}"
EndProject
Project("{FAE04EC0-301F-11D3-BF4B-00C04F79EFBC}") = "Hybrid.Skia", "src\Hybrid.Skia\Hybrid.Skia.csproj", "{341815C2-F11F-4A91-914A-FB867C8C4BBF}"
EndProject
Global
	GlobalSection(SolutionConfigurationPlatforms) = preSolution
		Debug|Any CPU = Debug|Any CPU
		Debug|x64 = Debug|x64
		Debug|x86 = Debug|x86
		Release|Any CPU = Release|Any CPU
		Release|x64 = Release|x64
		Release|x86 = Release|x86
	EndGlobalSection
	GlobalSection(ProjectConfigurationPlatforms) = postSolution
		{9FA6E5DA-8D96-4E16-831D-3461848A58DD}.Debug|Any CPU.ActiveCfg = Debug|Any CPU
		{9FA6E5DA-8D96-4E16-831D-3461848A58DD}.Debug|Any CPU.Build.0 = Debug|Any CPU
		{9FA6E5DA-8D96-4E16-831D-3461848A58DD}.Debug|x64.ActiveCfg = Debug|Any CPU
		{9FA6E5DA-8D96-4E16-831D-3461848A58DD}.Debug|x64.Build.0 = Debug|Any CPU
		{9FA6E5DA-8D96-4E16-831D-3461848A58DD}.Debug|x86.ActiveCfg = Debug|Any CPU
		{9FA6E5DA-8D96-4E16-831D-3461848A58DD}.Debug|x86.Build.0 = Debug|Any CPU
		{9FA6E5DA-8D96-4E16-831D-3461848A58DD}.Release|Any CPU.ActiveCfg = Release|Any CPU
		{9FA6E5DA-8D96-4E16-831D-3461848A58DD}.Release|Any CPU.Build.0 = Release|Any CPU
		{9FA6E5DA-8D96-4E16-831D-3461848A58DD}.Release|x64.ActiveCfg = Release|Any CPU
		{9FA6E5DA-8D96-4E16-831D-3461848A58DD}.Release|x64.Build.0 = Release|Any CPU
		{9FA6E5DA-8D96-4E16-831D-3461848A58DD}.Release|x86.ActiveCfg = Release|Any CPU
		{9FA6E5DA-8D96-4E16-831D-3461848A58DD}.Release|x86.Build.0 = Release|Any CPU
		{88F95995-B5B2-4B19-92CA-DB7982358B33}.Debug|Any CPU.ActiveCfg = Debug|Any CPU
		{88F95995-B5B2-4B19-92CA-DB7982358B33}.Debug|Any CPU.Build.0 = Debug|Any CPU
		{88F95995-B5B2-4B19-92CA-DB7982358B33}.Debug|x64.ActiveCfg = Debug|Any CPU
		{88F95995-B5B2-4B19-92CA-DB7982358B33}.Debug|x64.Build.0 = Debug|Any CPU
		{88F95995-B5B2-4B19-92CA-DB7982358B33}.Debug|x86.ActiveCfg = Debug|Any CPU
		{88F95995-B5B2-4B19-92CA-DB7982358B33}.Debug|x86.Build.0 = Debug|Any CPU
		{88F95995-B5B2-4B19-92CA-DB7982358B33}.Release|Any CPU.ActiveCfg = Release|Any CPU
		{88F95995-B5B2-4B19-92CA-DB7982358B33}.Release|Any CPU.Build.0 = Release|Any CPU
		{88F95995-B5B2-4B19-92CA-DB7982358B33}.Release|x64.ActiveCfg = Release|Any CPU
		{88F95995-B5B2-4B19-92CA-DB7982358B33}.Release|x64.Build.0 = Release|Any CPU
		{88F95995-B5B2-4B19-92CA-DB7982358B33}.Release|x86.ActiveCfg = Release|Any CPU
		{88F95995-B5B2-4B19-92CA-DB7982358B33}.Release|x86.Build.0 = Release|Any CPU
		{EA48C54A-6F4C-4BB1-A4C9-654D54D6FD81}.Debug|Any CPU.ActiveCfg = Debug|Any CPU
		{EA48C54A-6F4C-4BB1-A4C9-654D54D6FD81}.Debug|Any CPU.Build.0 = Debug|Any CPU
		{EA48C54A-6F4C-4BB1-A4C9-654D54D6FD81}.Debug|x64.ActiveCfg = Debug|Any CPU
		{EA48C54A-6F4C-4BB1-A4C9-654D54D6FD81}.Debug|x64.Build.0 = Debug|Any CPU
		{EA48C54A-6F4C-4BB1-A4C9-654D54D6FD81}.Debug|x86.ActiveCfg = Debug|Any CPU
		{EA48C54A-6F4C-4BB1-A4C9-654D54D6FD81}.Debug|x86.Build.0 = Debug|Any CPU
		{EA48C54A-6F4C-4BB1-A4C9-654D54D6FD81}.Release|Any CPU.ActiveCfg = Release|Any CPU
		{EA48C54A-6F4C-4BB1-A4C9-654D54D6FD81}.Release|Any CPU.Build.0 = Release|Any CPU
		{EA48C54A-6F4C-4BB1-A4C9-654D54D6FD81}.Release|x64.ActiveCfg = Release|Any CPU
		{EA48C54A-6F4C-4BB1-A4C9-654D54D6FD81}.Release|x64.Build.0 = Release|Any CPU
		{EA48C54A-6F4C-4BB1-A4C9-654D54D6FD81}.Release|x86.ActiveCfg = Release|Any CPU
		{EA48C54A-6F4C-4BB1-A4C9-654D54D6FD81}.Release|x86.Build.0 = Release|Any CPU
		{9AAE147C-D10C-48D7-81D1-F6E3F27EE7E7}.Debug|Any CPU.ActiveCfg = Debug|Any CPU
		{9AAE147C-D10C-48D7-81D1-F6E3F27EE7E7}.Debug|Any CPU.Build.0 = Debug|Any CPU
		{9AAE147C-D10C-48D7-81D1-F6E3F27EE7E7}.Debug|x64.ActiveCfg = Debug|Any CPU
		{9AAE147C-D10C-48D7-81D1-F6E3F27EE7E7}.Debug|x64.Build.0 = Debug|Any CPU
		{9AAE147C-D10C-48D7-81D1-F6E3F27EE7E7}.Debug|x86.ActiveCfg = Debug|Any CPU
		{9AAE147C-D10C-48D7-81D1-F6E3F27EE7E7}.Debug|x86.Build.0 = Debug|Any CPU
		{9AAE147C-D10C-48D7-81D1-F6E3F27EE7E7}.Release|Any CPU.ActiveCfg = Release|Any CPU
		{9AAE147C-D10C-48D7-81D1-F6E3F27EE7E7}.Release|Any CPU.Build.0 = Release|Any CPU
		{9AAE147C-D10C-48D7-81D1-F6E3F27EE7E7}.Release|x64.ActiveCfg = Release|Any CPU
		{9AAE147C-D10C-48D7-81D1-F6E3F27EE7E7}.Release|x64.Build.0 = Release|Any CPU
		{9AAE147C-D10C-48D7-81D1-F6E3F27EE7E7}.Release|x86.ActiveCfg = Release|Any CPU
		{9AAE147C-D10C-48D7-81D1-F6E3F27EE7E7}.Release|x86.Build.0 = Release|Any CPU
		{F8172359-11E2-4C2A-8B5A-AD10CE826DD8}.Debug|Any CPU.ActiveCfg = Debug|Any CPU
		{F8172359-11E2-4C2A-8B5A-AD10CE826DD8}.Debug|Any CPU.Build.0 = Debug|Any CPU
		{F8172359-11E2-4C2A-8B5A-AD10CE826DD8}.Debug|x64.ActiveCfg = Debug|Any CPU
		{F8172359-11E2-4C2A-8B5A-AD10CE826DD8}.Debug|x64.Build.0 = Debug|Any CPU
		{F8172359-11E2-4C2A-8B5A-AD10CE826DD8}.Debug|x86.ActiveCfg = Debug|Any CPU
		{F8172359-11E2-4C2A-8B5A-AD10CE826DD8}.Debug|x86.Build.0 = Debug|Any CPU
		{F8172359-11E2-4C2A-8B5A-AD10CE826DD8}.Release|Any CPU.ActiveCfg = Release|Any CPU
		{F8172359-11E2-4C2A-8B5A-AD10CE826DD8}.Release|Any CPU.Build.0 = Release|Any CPU
		{F8172359-11E2-4C2A-8B5A-AD10CE826DD8}.Release|x64.ActiveCfg = Release|Any CPU
		{F8172359-11E2-4C2A-8B5A-AD10CE826DD8}.Release|x64.Build.0 = Release|Any CPU
		{F8172359-11E2-4C2A-8B5A-AD10CE826DD8}.Release|x86.ActiveCfg = Release|Any CPU
		{F8172359-11E2-4C2A-8B5A-AD10CE826DD8}.Release|x86.Build.0 = Release|Any CPU
		{3299F558-737F-4B09-AA56-F9E99C17CAE1}.Debug|Any CPU.ActiveCfg = Debug|Any CPU
		{3299F558-737F-4B09-AA56-F9E99C17CAE1}.Debug|Any CPU.Build.0 = Debug|Any CPU
		{3299F558-737F-4B09-AA56-F9E99C17CAE1}.Debug|x64.ActiveCfg = Debug|Any CPU
		{3299F558-737F-4B09-AA56-F9E99C17CAE1}.Debug|x64.Build.0 = Debug|Any CPU
		{3299F558-737F-4B09-AA56-F9E99C17CAE1}.Debug|x86.ActiveCfg = Debug|Any CPU
		{3299F558-737F-4B09-AA56-F9E99C17CAE1}.Debug|x86.Build.0 = Debug|Any CPU
		{3299F558-737F-4B09-AA56-F9E99C17CAE1}.Release|Any CPU.ActiveCfg = Release|Any CPU
		{3299F558-737F-4B09-AA56-F9E99C17CAE1}.Release|Any CPU.Build.0 = Release|Any CPU
		{3299F558-737F-4B09-AA56-F9E99C17CAE1}.Release|x64.ActiveCfg = Release|Any CPU
		{3299F558-737F-4B09-AA56-F9E99C17CAE1}.Release|x64.Build.0 = Release|Any CPU
		{3299F558-737F-4B09-AA56-F9E99C17CAE1}.Release|x86.ActiveCfg = Release|Any CPU
		{3299F558-737F-4B09-AA56-F9E99C17CAE1}.Release|x86.Build.0 = Release|Any CPU
		{09DFF5F4-4D3E-4BE1-8AB1-2353D7D835DB}.Debug|Any CPU.ActiveCfg = Debug|Any CPU
		{09DFF5F4-4D3E-4BE1-8AB1-2353D7D835DB}.Debug|Any CPU.Build.0 = Debug|Any CPU
		{09DFF5F4-4D3E-4BE1-8AB1-2353D7D835DB}.Debug|x64.ActiveCfg = Debug|Any CPU
		{09DFF5F4-4D3E-4BE1-8AB1-2353D7D835DB}.Debug|x64.Build.0 = Debug|Any CPU
		{09DFF5F4-4D3E-4BE1-8AB1-2353D7D835DB}.Debug|x86.ActiveCfg = Debug|Any CPU
		{09DFF5F4-4D3E-4BE1-8AB1-2353D7D835DB}.Debug|x86.Build.0 = Debug|Any CPU
		{09DFF5F4-4D3E-4BE1-8AB1-2353D7D835DB}.Release|Any CPU.ActiveCfg = Release|Any CPU
		{09DFF5F4-4D3E-4BE1-8AB1-2353D7D835DB}.Release|Any CPU.Build.0 = Release|Any CPU
		{09DFF5F4-4D3E-4BE1-8AB1-2353D7D835DB}.Release|x64.ActiveCfg = Release|Any CPU
		{09DFF5F4-4D3E-4BE1-8AB1-2353D7D835DB}.Release|x64.Build.0 = Release|Any CPU
		{09DFF5F4-4D3E-4BE1-8AB1-2353D7D835DB}.Release|x86.ActiveCfg = Release|Any CPU
		{09DFF5F4-4D3E-4BE1-8AB1-2353D7D835DB}.Release|x86.Build.0 = Release|Any CPU
		{2AE3D3C8-ADE9-47D9-94BB-DAA8790943A6}.Debug|Any CPU.ActiveCfg = Debug|Any CPU
		{2AE3D3C8-ADE9-47D9-94BB-DAA8790943A6}.Debug|Any CPU.Build.0 = Debug|Any CPU
		{2AE3D3C8-ADE9-47D9-94BB-DAA8790943A6}.Debug|x64.ActiveCfg = Debug|Any CPU
		{2AE3D3C8-ADE9-47D9-94BB-DAA8790943A6}.Debug|x64.Build.0 = Debug|Any CPU
		{2AE3D3C8-ADE9-47D9-94BB-DAA8790943A6}.Debug|x86.ActiveCfg = Debug|Any CPU
		{2AE3D3C8-ADE9-47D9-94BB-DAA8790943A6}.Debug|x86.Build.0 = Debug|Any CPU
		{2AE3D3C8-ADE9-47D9-94BB-DAA8790943A6}.Release|Any CPU.ActiveCfg = Release|Any CPU
		{2AE3D3C8-ADE9-47D9-94BB-DAA8790943A6}.Release|Any CPU.Build.0 = Release|Any CPU
		{2AE3D3C8-ADE9-47D9-94BB-DAA8790943A6}.Release|x64.ActiveCfg = Release|Any CPU
		{2AE3D3C8-ADE9-47D9-94BB-DAA8790943A6}.Release|x64.Build.0 = Release|Any CPU
		{2AE3D3C8-ADE9-47D9-94BB-DAA8790943A6}.Release|x86.ActiveCfg = Release|Any CPU
		{2AE3D3C8-ADE9-47D9-94BB-DAA8790943A6}.Release|x86.Build.0 = Release|Any CPU
		{BA05B115-962F-4838-BD75-D4A8849042EB}.Debug|Any CPU.ActiveCfg = Debug|Any CPU
		{BA05B115-962F-4838-BD75-D4A8849042EB}.Debug|Any CPU.Build.0 = Debug|Any CPU
		{BA05B115-962F-4838-BD75-D4A8849042EB}.Debug|x64.ActiveCfg = Debug|Any CPU
		{BA05B115-962F-4838-BD75-D4A8849042EB}.Debug|x64.Build.0 = Debug|Any CPU
		{BA05B115-962F-4838-BD75-D4A8849042EB}.Debug|x86.ActiveCfg = Debug|Any CPU
		{BA05B115-962F-4838-BD75-D4A8849042EB}.Debug|x86.Build.0 = Debug|Any CPU
		{BA05B115-962F-4838-BD75-D4A8849042EB}.Release|Any CPU.ActiveCfg = Release|Any CPU
		{BA05B115-962F-4838-BD75-D4A8849042EB}.Release|Any CPU.Build.0 = Release|Any CPU
		{BA05B115-962F-4838-BD75-D4A8849042EB}.Release|x64.ActiveCfg = Release|Any CPU
		{BA05B115-962F-4838-BD75-D4A8849042EB}.Release|x64.Build.0 = Release|Any CPU
		{BA05B115-962F-4838-BD75-D4A8849042EB}.Release|x86.ActiveCfg = Release|Any CPU
		{BA05B115-962F-4838-BD75-D4A8849042EB}.Release|x86.Build.0 = Release|Any CPU
		{6FCB4CD9-1341-4804-8A42-058F8965E99B}.Debug|Any CPU.ActiveCfg = Debug|Any CPU
		{6FCB4CD9-1341-4804-8A42-058F8965E99B}.Debug|Any CPU.Build.0 = Debug|Any CPU
		{6FCB4CD9-1341-4804-8A42-058F8965E99B}.Debug|x64.ActiveCfg = Debug|Any CPU
		{6FCB4CD9-1341-4804-8A42-058F8965E99B}.Debug|x64.Build.0 = Debug|Any CPU
		{6FCB4CD9-1341-4804-8A42-058F8965E99B}.Debug|x86.ActiveCfg = Debug|Any CPU
		{6FCB4CD9-1341-4804-8A42-058F8965E99B}.Debug|x86.Build.0 = Debug|Any CPU
		{6FCB4CD9-1341-4804-8A42-058F8965E99B}.Release|Any CPU.ActiveCfg = Release|Any CPU
		{6FCB4CD9-1341-4804-8A42-058F8965E99B}.Release|Any CPU.Build.0 = Release|Any CPU
		{6FCB4CD9-1341-4804-8A42-058F8965E99B}.Release|x64.ActiveCfg = Release|Any CPU
		{6FCB4CD9-1341-4804-8A42-058F8965E99B}.Release|x64.Build.0 = Release|Any CPU
		{6FCB4CD9-1341-4804-8A42-058F8965E99B}.Release|x86.ActiveCfg = Release|Any CPU
		{6FCB4CD9-1341-4804-8A42-058F8965E99B}.Release|x86.Build.0 = Release|Any CPU
		{B9DF2B24-8AFA-46AA-84D0-FD412C725475}.Debug|Any CPU.ActiveCfg = Debug|Any CPU
		{B9DF2B24-8AFA-46AA-84D0-FD412C725475}.Debug|Any CPU.Build.0 = Debug|Any CPU
		{B9DF2B24-8AFA-46AA-84D0-FD412C725475}.Debug|x64.ActiveCfg = Debug|Any CPU
		{B9DF2B24-8AFA-46AA-84D0-FD412C725475}.Debug|x64.Build.0 = Debug|Any CPU
		{B9DF2B24-8AFA-46AA-84D0-FD412C725475}.Debug|x86.ActiveCfg = Debug|Any CPU
		{B9DF2B24-8AFA-46AA-84D0-FD412C725475}.Debug|x86.Build.0 = Debug|Any CPU
		{B9DF2B24-8AFA-46AA-84D0-FD412C725475}.Release|Any CPU.ActiveCfg = Release|Any CPU
		{B9DF2B24-8AFA-46AA-84D0-FD412C725475}.Release|Any CPU.Build.0 = Release|Any CPU
		{B9DF2B24-8AFA-46AA-84D0-FD412C725475}.Release|x64.ActiveCfg = Release|Any CPU
		{B9DF2B24-8AFA-46AA-84D0-FD412C725475}.Release|x64.Build.0 = Release|Any CPU
		{B9DF2B24-8AFA-46AA-84D0-FD412C725475}.Release|x86.ActiveCfg = Release|Any CPU
		{B9DF2B24-8AFA-46AA-84D0-FD412C725475}.Release|x86.Build.0 = Release|Any CPU
		{97432FCA-561C-4877-91F3-98EEE4408A06}.Debug|Any CPU.ActiveCfg = Debug|Any CPU
		{97432FCA-561C-4877-91F3-98EEE4408A06}.Debug|Any CPU.Build.0 = Debug|Any CPU
		{97432FCA-561C-4877-91F3-98EEE4408A06}.Debug|x64.ActiveCfg = Debug|Any CPU
		{97432FCA-561C-4877-91F3-98EEE4408A06}.Debug|x64.Build.0 = Debug|Any CPU
		{97432FCA-561C-4877-91F3-98EEE4408A06}.Debug|x86.ActiveCfg = Debug|Any CPU
		{97432FCA-561C-4877-91F3-98EEE4408A06}.Debug|x86.Build.0 = Debug|Any CPU
		{97432FCA-561C-4877-91F3-98EEE4408A06}.Release|Any CPU.ActiveCfg = Release|Any CPU
		{97432FCA-561C-4877-91F3-98EEE4408A06}.Release|Any CPU.Build.0 = Release|Any CPU
		{97432FCA-561C-4877-91F3-98EEE4408A06}.Release|x64.ActiveCfg = Release|Any CPU
		{97432FCA-561C-4877-91F3-98EEE4408A06}.Release|x64.Build.0 = Release|Any CPU
		{97432FCA-561C-4877-91F3-98EEE4408A06}.Release|x86.ActiveCfg = Release|Any CPU
		{97432FCA-561C-4877-91F3-98EEE4408A06}.Release|x86.Build.0 = Release|Any CPU
		{91321D68-8C76-4B50-9E10-C577AA2A07A5}.Debug|Any CPU.ActiveCfg = Debug|Any CPU
		{91321D68-8C76-4B50-9E10-C577AA2A07A5}.Debug|Any CPU.Build.0 = Debug|Any CPU
		{91321D68-8C76-4B50-9E10-C577AA2A07A5}.Debug|x64.ActiveCfg = Debug|Any CPU
		{91321D68-8C76-4B50-9E10-C577AA2A07A5}.Debug|x64.Build.0 = Debug|Any CPU
		{91321D68-8C76-4B50-9E10-C577AA2A07A5}.Debug|x86.ActiveCfg = Debug|Any CPU
		{91321D68-8C76-4B50-9E10-C577AA2A07A5}.Debug|x86.Build.0 = Debug|Any CPU
		{91321D68-8C76-4B50-9E10-C577AA2A07A5}.Release|Any CPU.ActiveCfg = Release|Any CPU
		{91321D68-8C76-4B50-9E10-C577AA2A07A5}.Release|Any CPU.Build.0 = Release|Any CPU
		{91321D68-8C76-4B50-9E10-C577AA2A07A5}.Release|x64.ActiveCfg = Release|Any CPU
		{91321D68-8C76-4B50-9E10-C577AA2A07A5}.Release|x64.Build.0 = Release|Any CPU
		{91321D68-8C76-4B50-9E10-C577AA2A07A5}.Release|x86.ActiveCfg = Release|Any CPU
		{91321D68-8C76-4B50-9E10-C577AA2A07A5}.Release|x86.Build.0 = Release|Any CPU
		{D5A4E209-76BA-4555-ADF3-DF4CAEB007E9}.Debug|Any CPU.ActiveCfg = Debug|Any CPU
		{D5A4E209-76BA-4555-ADF3-DF4CAEB007E9}.Debug|Any CPU.Build.0 = Debug|Any CPU
		{D5A4E209-76BA-4555-ADF3-DF4CAEB007E9}.Debug|x64.ActiveCfg = Debug|Any CPU
		{D5A4E209-76BA-4555-ADF3-DF4CAEB007E9}.Debug|x64.Build.0 = Debug|Any CPU
		{D5A4E209-76BA-4555-ADF3-DF4CAEB007E9}.Debug|x86.ActiveCfg = Debug|Any CPU
		{D5A4E209-76BA-4555-ADF3-DF4CAEB007E9}.Debug|x86.Build.0 = Debug|Any CPU
		{D5A4E209-76BA-4555-ADF3-DF4CAEB007E9}.Release|Any CPU.ActiveCfg = Release|Any CPU
		{D5A4E209-76BA-4555-ADF3-DF4CAEB007E9}.Release|Any CPU.Build.0 = Release|Any CPU
		{D5A4E209-76BA-4555-ADF3-DF4CAEB007E9}.Release|x64.ActiveCfg = Release|Any CPU
		{D5A4E209-76BA-4555-ADF3-DF4CAEB007E9}.Release|x64.Build.0 = Release|Any CPU
		{D5A4E209-76BA-4555-ADF3-DF4CAEB007E9}.Release|x86.ActiveCfg = Release|Any CPU
		{D5A4E209-76BA-4555-ADF3-DF4CAEB007E9}.Release|x86.Build.0 = Release|Any CPU
		{66A94D9A-42F6-B80E-F640-9759BAC4CCDE}.Debug|Any CPU.ActiveCfg = Debug|Any CPU
		{66A94D9A-42F6-B80E-F640-9759BAC4CCDE}.Debug|Any CPU.Build.0 = Debug|Any CPU
		{66A94D9A-42F6-B80E-F640-9759BAC4CCDE}.Debug|x64.ActiveCfg = Debug|Any CPU
		{66A94D9A-42F6-B80E-F640-9759BAC4CCDE}.Debug|x64.Build.0 = Debug|Any CPU
		{66A94D9A-42F6-B80E-F640-9759BAC4CCDE}.Debug|x86.ActiveCfg = Debug|Any CPU
		{66A94D9A-42F6-B80E-F640-9759BAC4CCDE}.Debug|x86.Build.0 = Debug|Any CPU
		{66A94D9A-42F6-B80E-F640-9759BAC4CCDE}.Release|Any CPU.ActiveCfg = Release|Any CPU
		{66A94D9A-42F6-B80E-F640-9759BAC4CCDE}.Release|Any CPU.Build.0 = Release|Any CPU
		{66A94D9A-42F6-B80E-F640-9759BAC4CCDE}.Release|x64.ActiveCfg = Release|Any CPU
		{66A94D9A-42F6-B80E-F640-9759BAC4CCDE}.Release|x64.Build.0 = Release|Any CPU
		{66A94D9A-42F6-B80E-F640-9759BAC4CCDE}.Release|x86.ActiveCfg = Release|Any CPU
		{66A94D9A-42F6-B80E-F640-9759BAC4CCDE}.Release|x86.Build.0 = Release|Any CPU
		{341815C2-F11F-4A91-914A-FB867C8C4BBF}.Debug|Any CPU.ActiveCfg = Debug|Any CPU
		{341815C2-F11F-4A91-914A-FB867C8C4BBF}.Debug|Any CPU.Build.0 = Debug|Any CPU
		{341815C2-F11F-4A91-914A-FB867C8C4BBF}.Debug|x64.ActiveCfg = Debug|Any CPU
		{341815C2-F11F-4A91-914A-FB867C8C4BBF}.Debug|x64.Build.0 = Debug|Any CPU
		{341815C2-F11F-4A91-914A-FB867C8C4BBF}.Debug|x86.ActiveCfg = Debug|Any CPU
		{341815C2-F11F-4A91-914A-FB867C8C4BBF}.Debug|x86.Build.0 = Debug|Any CPU
		{341815C2-F11F-4A91-914A-FB867C8C4BBF}.Release|Any CPU.ActiveCfg = Release|Any CPU
		{341815C2-F11F-4A91-914A-FB867C8C4BBF}.Release|Any CPU.Build.0 = Release|Any CPU
		{341815C2-F11F-4A91-914A-FB867C8C4BBF}.Release|x64.ActiveCfg = Release|Any CPU
		{341815C2-F11F-4A91-914A-FB867C8C4BBF}.Release|x64.Build.0 = Release|Any CPU
		{341815C2-F11F-4A91-914A-FB867C8C4BBF}.Release|x86.ActiveCfg = Release|Any CPU
		{341815C2-F11F-4A91-914A-FB867C8C4BBF}.Release|x86.Build.0 = Release|Any CPU
	EndGlobalSection
	GlobalSection(SolutionProperties) = preSolution
		HideSolutionNode = FALSE
	EndGlobalSection
	GlobalSection(NestedProjects) = preSolution
		{9FA6E5DA-8D96-4E16-831D-3461848A58DD} = {58EE9CE6-F49C-4663-B02E-EBD7980E13E9}
		{88F95995-B5B2-4B19-92CA-DB7982358B33} = {58EE9CE6-F49C-4663-B02E-EBD7980E13E9}
		{EA48C54A-6F4C-4BB1-A4C9-654D54D6FD81} = {58EE9CE6-F49C-4663-B02E-EBD7980E13E9}
		{9AAE147C-D10C-48D7-81D1-F6E3F27EE7E7} = {58EE9CE6-F49C-4663-B02E-EBD7980E13E9}
		{F8172359-11E2-4C2A-8B5A-AD10CE826DD8} = {58EE9CE6-F49C-4663-B02E-EBD7980E13E9}
		{3299F558-737F-4B09-AA56-F9E99C17CAE1} = {4051284E-4A17-4902-9B1B-214B393F778D}
		{09DFF5F4-4D3E-4BE1-8AB1-2353D7D835DB} = {4051284E-4A17-4902-9B1B-214B393F778D}
		{2AE3D3C8-ADE9-47D9-94BB-DAA8790943A6} = {F4E057DF-F882-4622-A030-1EAF0EAFE4CF}
		{BA05B115-962F-4838-BD75-D4A8849042EB} = {4051284E-4A17-4902-9B1B-214B393F778D}
		{6FCB4CD9-1341-4804-8A42-058F8965E99B} = {58EE9CE6-F49C-4663-B02E-EBD7980E13E9}
		{B9DF2B24-8AFA-46AA-84D0-FD412C725475} = {4051284E-4A17-4902-9B1B-214B393F778D}
		{97432FCA-561C-4877-91F3-98EEE4408A06} = {4051284E-4A17-4902-9B1B-214B393F778D}
		{91321D68-8C76-4B50-9E10-C577AA2A07A5} = {4051284E-4A17-4902-9B1B-214B393F778D}
		{D5A4E209-76BA-4555-ADF3-DF4CAEB007E9} = {4051284E-4A17-4902-9B1B-214B393F778D}
		{66A94D9A-42F6-B80E-F640-9759BAC4CCDE} = {58EE9CE6-F49C-4663-B02E-EBD7980E13E9}
		{341815C2-F11F-4A91-914A-FB867C8C4BBF} = {58EE9CE6-F49C-4663-B02E-EBD7980E13E9}
	EndGlobalSection
	GlobalSection(ExtensibilityGlobals) = postSolution
		SolutionGuid = {E42EC6E7-C707-4371-9264-EF9BBD55807F}
	EndGlobalSection
EndGlobal
